# THIS IS AN AUTOGENERATED FILE. DO NOT EDIT THIS FILE DIRECTLY.
# yarn lockfile v1


"@babel/code-frame@^7.26.2":
  "version" "7.27.1"
  dependencies:
    "@babel/helper-validator-identifier" "^7.27.1"
    "js-tokens" "^4.0.0"
    "picocolors" "^1.1.1"

"@babel/helper-validator-identifier@^7.27.1":
  "version" "7.27.1"

"@commander-js/extra-typings@^14.0.0":
  "version" "14.0.0"

"@esbuild/linux-x64@0.25.5":
  "version" "0.25.5"

"@isaacs/cliui@^8.0.2":
  "version" "8.0.2"
  dependencies:
    "string-width" "^5.1.2"
    "string-width-cjs" "npm:string-width@^4.2.0"
    "strip-ansi" "^7.0.1"
    "strip-ansi-cjs" "npm:strip-ansi@^6.0.1"
    "wrap-ansi" "^8.1.0"
    "wrap-ansi-cjs" "npm:wrap-ansi@^7.0.0"

"@jridgewell/gen-mapping@^0.3.2":
  "version" "0.3.8"
  dependencies:
    "@jridgewell/set-array" "^1.2.1"
    "@jridgewell/sourcemap-codec" "^1.4.10"
    "@jridgewell/trace-mapping" "^0.3.24"

"@jridgewell/resolve-uri@^3.1.0":
  "version" "3.1.2"

"@jridgewell/set-array@^1.2.1":
  "version" "1.2.1"

"@jridgewell/sourcemap-codec@^1.4.10", "@jridgewell/sourcemap-codec@^1.4.14", "@jridgewell/sourcemap-codec@^1.5.0":
  "version" "1.5.0"

"@jridgewell/trace-mapping@^0.3.24":
  "version" "0.3.25"
  dependencies:
    "@jridgewell/resolve-uri" "^3.1.0"
    "@jridgewell/sourcemap-codec" "^1.4.14"

"@noble/curves@^1.9.2":
  "integrity" "sha512-HxngEd2XUcg9xi20JkwlLCtYwfoFw4JGkuZpT+WlsPD4gB/cxkvTD8fSsoAnphGZhFdZYKeQIPCuFlWPm1uE0g=="
  "resolved" "https://registry.npmjs.org/@noble/curves/-/curves-1.9.2.tgz"
  "version" "1.9.2"
  dependencies:
    "@noble/hashes" "1.8.0"

"@noble/curves@~1.8.0":
  "integrity" "sha512-vnI7V6lFNe0tLAuJMu+2sX+FcL14TaCWy1qiczg1VwRmPrpQCdq5ESXQMqUc2tluRNf6irBXrWbl1mGN8uaU/g=="
  "resolved" "https://registry.npmjs.org/@noble/curves/-/curves-1.8.2.tgz"
  "version" "1.8.2"
  dependencies:
    "@noble/hashes" "1.7.2"

"@noble/hashes@^1.8.0", "@noble/hashes@1.8.0":
  "integrity" "sha512-jCs9ldd7NwzpgXDIf6P3+NrHh9/sD6CQdxHyjQI+h/6rDNo88ypBxxz45UDuZHz9r3tNz7N/VInSVoVdtXEI4A=="
  "resolved" "https://registry.npmjs.org/@noble/hashes/-/hashes-1.8.0.tgz"
  "version" "1.8.0"

"@noble/hashes@~1.7.1", "@noble/hashes@1.7.2":
  "integrity" "sha512-biZ0NUSxyjLLqo6KxEJ1b+C2NAx0wtDoFvCaXHGgUkeHzf3Xc1xKumFKREuT7f7DARNZ/slvYUwFG6B0f2b6hQ=="
  "resolved" "https://registry.npmjs.org/@noble/hashes/-/hashes-1.7.2.tgz"
  "version" "1.7.2"

"@pkgjs/parseargs@^0.11.0":
  "version" "0.11.0"

"@polkadot-api/cli@0.14.0":
  "version" "0.14.0"
  dependencies:
    "@commander-js/extra-typings" "^14.0.0"
    "@polkadot-api/codegen" "0.16.3"
    "@polkadot-api/ink-contracts" "0.3.4"
    "@polkadot-api/json-rpc-provider" "0.0.4"
    "@polkadot-api/known-chains" "0.9.0"
    "@polkadot-api/metadata-compatibility" "0.3.0"
    "@polkadot-api/observable-client" "0.12.0"
    "@polkadot-api/polkadot-sdk-compat" "2.3.2"
    "@polkadot-api/sm-provider" "0.1.7"
    "@polkadot-api/smoldot" "0.3.10"
    "@polkadot-api/substrate-bindings" "0.14.0"
    "@polkadot-api/substrate-client" "0.4.1"
    "@polkadot-api/utils" "0.2.0"
    "@polkadot-api/wasm-executor" "^0.2.1"
    "@polkadot-api/ws-provider" "0.4.0"
    "@types/node" "^22.15.30"
    "commander" "^14.0.0"
    "execa" "^9.6.0"
    "fs.promises.exists" "^1.1.4"
    "ora" "^8.2.0"
    "read-pkg" "^9.0.1"
    "rxjs" "^7.8.2"
    "tsc-prog" "^2.3.0"
    "tsup" "^8.5.0"
    "typescript" "^5.8.3"
    "write-package" "^7.1.0"

"@polkadot-api/codegen@0.16.3":
  "version" "0.16.3"
  dependencies:
    "@polkadot-api/ink-contracts" "0.3.4"
    "@polkadot-api/metadata-builders" "0.12.2"
    "@polkadot-api/metadata-compatibility" "0.3.0"
    "@polkadot-api/substrate-bindings" "0.14.0"
    "@polkadot-api/utils" "0.2.0"

"@polkadot-api/descriptors@file:.papi/descriptors":
  "resolved" "file:.papi/descriptors"
  "version" "0.1.0-autogenerated.8401888695783614496"

"@polkadot-api/ink-contracts@0.3.4":
  "version" "0.3.4"
  dependencies:
    "@polkadot-api/metadata-builders" "0.12.2"
    "@polkadot-api/substrate-bindings" "0.14.0"
    "@polkadot-api/utils" "0.2.0"

"@polkadot-api/json-rpc-provider-proxy@0.2.4":
  "version" "0.2.4"

"@polkadot-api/json-rpc-provider@0.0.4":
  "version" "0.0.4"

"@polkadot-api/known-chains@0.9.0":
  "version" "0.9.0"

"@polkadot-api/logs-provider@0.0.6":
  "version" "0.0.6"
  dependencies:
    "@polkadot-api/json-rpc-provider" "0.0.4"

"@polkadot-api/merkleize-metadata@1.1.18":
  "version" "1.1.18"
  dependencies:
    "@polkadot-api/metadata-builders" "0.12.2"
    "@polkadot-api/substrate-bindings" "0.14.0"
    "@polkadot-api/utils" "0.2.0"

"@polkadot-api/metadata-builders@0.12.2":
  "version" "0.12.2"
  dependencies:
    "@polkadot-api/substrate-bindings" "0.14.0"
    "@polkadot-api/utils" "0.2.0"

"@polkadot-api/metadata-compatibility@0.3.0":
  "version" "0.3.0"
  dependencies:
    "@polkadot-api/metadata-builders" "0.12.2"
    "@polkadot-api/substrate-bindings" "0.14.0"

"@polkadot-api/observable-client@0.12.0":
  "version" "0.12.0"
  dependencies:
    "@polkadot-api/metadata-builders" "0.12.2"
    "@polkadot-api/substrate-bindings" "0.14.0"
    "@polkadot-api/utils" "0.2.0"

"@polkadot-api/pjs-signer@0.6.9":
  "version" "0.6.9"
  dependencies:
    "@polkadot-api/metadata-builders" "0.12.2"
    "@polkadot-api/polkadot-signer" "0.1.6"
    "@polkadot-api/signers-common" "0.1.10"
    "@polkadot-api/substrate-bindings" "0.14.0"
    "@polkadot-api/utils" "0.2.0"

"@polkadot-api/polkadot-sdk-compat@2.3.2":
  "version" "2.3.2"
  dependencies:
    "@polkadot-api/json-rpc-provider" "0.0.4"

"@polkadot-api/polkadot-signer@0.1.6":
  "version" "0.1.6"

"@polkadot-api/signer@0.2.2":
  "version" "0.2.2"
  dependencies:
    "@noble/hashes" "^1.8.0"
    "@polkadot-api/merkleize-metadata" "1.1.18"
    "@polkadot-api/polkadot-signer" "0.1.6"
    "@polkadot-api/signers-common" "0.1.10"
    "@polkadot-api/substrate-bindings" "0.14.0"
    "@polkadot-api/utils" "0.2.0"

"@polkadot-api/signers-common@0.1.10":
  "version" "0.1.10"
  dependencies:
    "@polkadot-api/metadata-builders" "0.12.2"
    "@polkadot-api/polkadot-signer" "0.1.6"
    "@polkadot-api/substrate-bindings" "0.14.0"
    "@polkadot-api/utils" "0.2.0"

"@polkadot-api/sm-provider@0.1.7":
  "version" "0.1.7"
  dependencies:
    "@polkadot-api/json-rpc-provider" "0.0.4"
    "@polkadot-api/json-rpc-provider-proxy" "0.2.4"

"@polkadot-api/smoldot@>=0.3", "@polkadot-api/smoldot@0.3.10":
  "version" "0.3.10"
  dependencies:
    "@types/node" "^22.15.30"
    "smoldot" "2.0.36"

"@polkadot-api/substrate-bindings@0.14.0":
  "version" "0.14.0"
  dependencies:
    "@noble/hashes" "^1.8.0"
    "@polkadot-api/utils" "0.2.0"
    "@scure/base" "^1.2.6"
    "scale-ts" "^1.6.1"

"@polkadot-api/substrate-client@0.4.1":
  "version" "0.4.1"
  dependencies:
    "@polkadot-api/json-rpc-provider" "0.0.4"
    "@polkadot-api/utils" "0.2.0"

"@polkadot-api/utils@0.2.0":
  "version" "0.2.0"

"@polkadot-api/wasm-executor@^0.2.1":
  "version" "0.2.1"

"@polkadot-api/ws-provider@0.4.0":
  "version" "0.4.0"
  dependencies:
    "@polkadot-api/json-rpc-provider" "0.0.4"
    "@polkadot-api/json-rpc-provider-proxy" "0.2.4"
    "ws" "^8.18.1"

"@polkadot-labs/hdkd-helpers@^0.0.17", "@polkadot-labs/hdkd-helpers@0.0.17":
  "integrity" "sha512-8SsyVzJV4uCioRy3qScnfpPd/8JgLdAVq0WKF69SnEw8sUFzetAmVJvBeYOet+l8cn3P+LaK4ZuMaOWe5Ryd7w=="
  "resolved" "https://registry.npmjs.org/@polkadot-labs/hdkd-helpers/-/hdkd-helpers-0.0.17.tgz"
  "version" "0.0.17"
  dependencies:
    "@noble/curves" "^1.9.2"
    "@noble/hashes" "^1.8.0"
    "@scure/base" "^1.2.6"
    "micro-sr25519" "^0.1.3"
    "scale-ts" "^1.6.1"

"@polkadot-labs/hdkd@^0.0.17":
  "integrity" "sha512-KJaTkPpZhEBNnEmRmruXTTRLHnojX5tght8bUgtVeq4cCO9vE432GMppAM94ksRPMKvA5zJHl8zDxNLF+GRNdA=="
  "resolved" "https://registry.npmjs.org/@polkadot-labs/hdkd/-/hdkd-0.0.17.tgz"
  "version" "0.0.17"
  dependencies:
    "@polkadot-labs/hdkd-helpers" "0.0.17"

"@rollup/rollup-linux-x64-gnu@4.43.0":
  "version" "4.43.0"

"@rollup/rollup-linux-x64-musl@4.43.0":
  "version" "4.43.0"

"@rx-state/core@^0.1.4":
  "version" "0.1.4"

"@scure/base@^1.2.6":
  "integrity" "sha512-g/nm5FgUa//MCj1gV09zTJTaM6KBAHqLN907YVQqf7zC49+DcO4B1so4ZX07Ef10Twr6nuqYEH9GEggFXA4Fmg=="
  "resolved" "https://registry.npmjs.org/@scure/base/-/base-1.2.6.tgz"
  "version" "1.2.6"

"@sec-ant/readable-stream@^0.4.1":
  "version" "0.4.1"

"@sindresorhus/merge-streams@^4.0.0":
  "version" "4.0.0"

"@types/bun@latest":
  "integrity" "sha512-le8ueOY5b6VKYf19xT3McVbXqLqmxzPXHsQT/q9JHgikJ2X22wyTW3g3ohz2ZMnp7dod6aduIiq8A14Xyimm0A=="
  "resolved" "https://registry.npmjs.org/@types/bun/-/bun-1.2.23.tgz"
  "version" "1.2.23"
  dependencies:
    "bun-types" "1.2.23"

"@types/estree@1.0.7":
  "version" "1.0.7"

"@types/node@*":
  "integrity" "sha512-FYxk1I7wPv3K2XBaoyH2cTnocQEu8AOZ60hPbsyukMPLv5/5qr7V1i8PLHdl6Zf87I+xZXFvPCXYjiTFq+YSDQ=="
  "resolved" "https://registry.npmjs.org/@types/node/-/node-24.5.2.tgz"
  "version" "24.5.2"
  dependencies:
    "undici-types" "~7.12.0"

"@types/node@^22.15.30":
  "version" "22.15.32"
  dependencies:
    "undici-types" "~6.21.0"

"@types/normalize-package-data@^2.4.3":
  "version" "2.4.4"

"@types/react@^19":
  "integrity" "sha512-+kLxJpaJzXybyDyFXYADyP1cznTO8HSuBpenGlnKOAkH4hyNINiywvXS/tGJhsrGGP/gM185RA3xpjY0Yg4erA=="
  "resolved" "https://registry.npmjs.org/@types/react/-/react-19.1.15.tgz"
  "version" "19.1.15"
  dependencies:
    "csstype" "^3.0.2"

"acorn@^8.14.0":
  "version" "8.15.0"

"ansi-regex@^5.0.1":
  "version" "5.0.1"

"ansi-regex@^6.0.1":
  "version" "6.1.0"

"ansi-styles@^4.0.0":
  "version" "4.3.0"
  dependencies:
    "color-convert" "^2.0.1"

"ansi-styles@^6.1.0", "ansi-styles@^6.2.1":
  "version" "6.2.1"

"any-promise@^1.0.0":
  "version" "1.3.0"

"balanced-match@^1.0.0":
  "version" "1.0.2"

"brace-expansion@^2.0.1":
  "version" "2.0.2"
  dependencies:
    "balanced-match" "^1.0.0"

"bun-types@1.2.23":
  "integrity" "sha512-R9f0hKAZXgFU3mlrA0YpE/fiDvwV0FT9rORApt2aQVWSuJDzZOyB5QLc0N/4HF57CS8IXJ6+L5E4W1bW6NS2Aw=="
  "resolved" "https://registry.npmjs.org/bun-types/-/bun-types-1.2.23.tgz"
  "version" "1.2.23"
  dependencies:
    "@types/node" "*"

"bundle-require@^5.1.0":
  "version" "5.1.0"
  dependencies:
    "load-tsconfig" "^0.2.3"

"cac@^6.7.14":
  "version" "6.7.14"

"chalk@^5.3.0":
  "version" "5.4.1"

"chokidar@^4.0.3":
  "version" "4.0.3"
  dependencies:
    "readdirp" "^4.0.1"

"cli-cursor@^5.0.0":
  "version" "5.0.0"
  dependencies:
    "restore-cursor" "^5.0.0"

"cli-spinners@^2.9.2":
  "version" "2.9.2"

"cliui@^9.0.1":
  "integrity" "sha512-k7ndgKhwoQveBL+/1tqGJYNz097I7WOvwbmmU2AR5+magtbjPWQTS1C5vzGkBC8Ym8UWRzfKUzUUqFLypY4Q+w=="
  "resolved" "https://registry.npmjs.org/cliui/-/cliui-9.0.1.tgz"
  "version" "9.0.1"
  dependencies:
    "string-width" "^7.2.0"
    "strip-ansi" "^7.1.0"
    "wrap-ansi" "^9.0.0"

"color-convert@^2.0.1":
  "version" "2.0.1"
  dependencies:
    "color-name" "~1.1.4"

"color-name@~1.1.4":
  "version" "1.1.4"

"commander@^14.0.0", "commander@~14.0.0":
  "version" "14.0.0"

"commander@^4.0.0":
  "version" "4.1.1"

"confbox@^0.1.8":
  "version" "0.1.8"

"consola@^3.4.0":
  "version" "3.4.2"

"cross-spawn@^7.0.6":
  "version" "7.0.6"
  dependencies:
    "path-key" "^3.1.0"
    "shebang-command" "^2.0.0"
    "which" "^2.0.1"

"csstype@^3.0.2":
  "integrity" "sha512-M1uQkMl8rQK/szD0LNhtqxIPLpimGm8sOBwU7lLnCpSbTyY3yeU1Vc7l4KT5zT4s/yOxHH5O7tIuuLOCnLADRw=="
  "resolved" "https://registry.npmjs.org/csstype/-/csstype-3.1.3.tgz"
  "version" "3.1.3"

"debug@^4.4.0":
  "version" "4.4.1"
  dependencies:
    "ms" "^2.1.3"

"deepmerge-ts@^7.1.0":
  "version" "7.1.5"

"detect-indent@^7.0.1":
  "version" "7.0.1"

"eastasianwidth@^0.2.0":
  "version" "0.2.0"

"emoji-regex@^10.3.0":
  "version" "10.4.0"

"emoji-regex@^8.0.0":
  "version" "8.0.0"

"emoji-regex@^9.2.2":
  "version" "9.2.2"

"esbuild@^0.25.0", "esbuild@>=0.18":
  "version" "0.25.5"
  optionalDependencies:
    "@esbuild/aix-ppc64" "0.25.5"
    "@esbuild/android-arm" "0.25.5"
    "@esbuild/android-arm64" "0.25.5"
    "@esbuild/android-x64" "0.25.5"
    "@esbuild/darwin-arm64" "0.25.5"
    "@esbuild/darwin-x64" "0.25.5"
    "@esbuild/freebsd-arm64" "0.25.5"
    "@esbuild/freebsd-x64" "0.25.5"
    "@esbuild/linux-arm" "0.25.5"
    "@esbuild/linux-arm64" "0.25.5"
    "@esbuild/linux-ia32" "0.25.5"
    "@esbuild/linux-loong64" "0.25.5"
    "@esbuild/linux-mips64el" "0.25.5"
    "@esbuild/linux-ppc64" "0.25.5"
    "@esbuild/linux-riscv64" "0.25.5"
    "@esbuild/linux-s390x" "0.25.5"
    "@esbuild/linux-x64" "0.25.5"
    "@esbuild/netbsd-arm64" "0.25.5"
    "@esbuild/netbsd-x64" "0.25.5"
    "@esbuild/openbsd-arm64" "0.25.5"
    "@esbuild/openbsd-x64" "0.25.5"
    "@esbuild/sunos-x64" "0.25.5"
    "@esbuild/win32-arm64" "0.25.5"
    "@esbuild/win32-ia32" "0.25.5"
    "@esbuild/win32-x64" "0.25.5"

"escalade@^3.1.1":
  "integrity" "sha512-WUj2qlxaQtO4g6Pq5c29GTcWGDyd8itL8zTlipgECz3JesAiiOKotd8JU6otB3PACgG6xkJUyVhboMS+bje/jA=="
  "resolved" "https://registry.npmjs.org/escalade/-/escalade-3.2.0.tgz"
  "version" "3.2.0"

"execa@^9.6.0":
  "version" "9.6.0"
  dependencies:
    "@sindresorhus/merge-streams" "^4.0.0"
    "cross-spawn" "^7.0.6"
    "figures" "^6.1.0"
    "get-stream" "^9.0.0"
    "human-signals" "^8.0.1"
    "is-plain-obj" "^4.1.0"
    "is-stream" "^4.0.1"
    "npm-run-path" "^6.0.0"
    "pretty-ms" "^9.2.0"
    "signal-exit" "^4.1.0"
    "strip-final-newline" "^4.0.0"
    "yoctocolors" "^2.1.1"

"fdir@^6.4.4":
  "version" "6.4.6"

"figures@^6.1.0":
  "version" "6.1.0"
  dependencies:
    "is-unicode-supported" "^2.0.0"

"fix-dts-default-cjs-exports@^1.0.0":
  "version" "1.0.1"
  dependencies:
    "magic-string" "^0.30.17"
    "mlly" "^1.7.4"
    "rollup" "^4.34.8"

"foreground-child@^3.1.0":
  "version" "3.3.1"
  dependencies:
    "cross-spawn" "^7.0.6"
    "signal-exit" "^4.0.1"

"fs.promises.exists@^1.1.4":
  "version" "1.1.4"

"get-caller-file@^2.0.5":
  "integrity" "sha512-DyFP3BM/3YHTQOCUL/w0OZHR0lpKeGrxotcHWcqNEdnltqFwXVfhEBQ94eIo34AfQpo0rGki4cyIiftY06h2Fg=="
  "resolved" "https://registry.npmjs.org/get-caller-file/-/get-caller-file-2.0.5.tgz"
  "version" "2.0.5"

"get-east-asian-width@^1.0.0":
  "version" "1.3.0"

"get-stream@^9.0.0":
  "version" "9.0.1"
  dependencies:
    "@sec-ant/readable-stream" "^0.4.1"
    "is-stream" "^4.0.1"

"glob@^10.3.10":
  "version" "10.4.5"
  dependencies:
    "foreground-child" "^3.1.0"
    "jackspeak" "^3.1.2"
    "minimatch" "^9.0.4"
    "minipass" "^7.1.2"
    "package-json-from-dist" "^1.0.0"
    "path-scurry" "^1.11.1"

"hosted-git-info@^7.0.0":
  "version" "7.0.2"
  dependencies:
    "lru-cache" "^10.0.1"

"human-signals@^8.0.1":
  "version" "8.0.1"

"imurmurhash@^0.1.4":
  "version" "0.1.4"

"index-to-position@^1.1.0":
  "version" "1.1.0"

"is-fullwidth-code-point@^3.0.0":
  "version" "3.0.0"

"is-interactive@^2.0.0":
  "version" "2.0.0"

"is-plain-obj@^4.0.0", "is-plain-obj@^4.1.0":
  "version" "4.1.0"

"is-stream@^4.0.1":
  "version" "4.0.1"

"is-unicode-supported@^1.3.0":
  "version" "1.3.0"

"is-unicode-supported@^2.0.0":
  "version" "2.1.0"

"isexe@^2.0.0":
  "version" "2.0.0"

"jackspeak@^3.1.2":
  "version" "3.4.3"
  dependencies:
    "@isaacs/cliui" "^8.0.2"
  optionalDependencies:
    "@pkgjs/parseargs" "^0.11.0"

"joycon@^3.1.1":
  "version" "3.1.1"

"js-tokens@^4.0.0":
  "version" "4.0.0"

"lilconfig@^3.1.1":
  "version" "3.1.3"

"lines-and-columns@^1.1.6":
  "version" "1.2.4"

"load-tsconfig@^0.2.3":
  "version" "0.2.5"

"lodash.sortby@^4.7.0":
  "version" "4.7.0"

"log-symbols@^6.0.0":
  "version" "6.0.0"
  dependencies:
    "chalk" "^5.3.0"
    "is-unicode-supported" "^1.3.0"

"lru-cache@^10.0.1", "lru-cache@^10.2.0":
  "version" "10.4.3"

"magic-string@^0.30.17":
  "version" "0.30.17"
  dependencies:
    "@jridgewell/sourcemap-codec" "^1.5.0"

"micro-sr25519@^0.1.3":
  "integrity" "sha512-Tw1I3Yjq9XySsU3hsgPVkQTG3NIje070VUWtT4tb9d1tVwQqpCIBH4SM5h4Mxp2Ua4PUyPsot2F40eyJ0QnzTg=="
  "resolved" "https://registry.npmjs.org/micro-sr25519/-/micro-sr25519-0.1.3.tgz"
  "version" "0.1.3"
  dependencies:
    "@noble/curves" "~1.8.0"
    "@noble/hashes" "~1.7.1"

"mimic-function@^5.0.0":
  "version" "5.0.1"

"minimatch@^9.0.4":
  "version" "9.0.5"
  dependencies:
    "brace-expansion" "^2.0.1"

"minipass@^5.0.0 || ^6.0.2 || ^7.0.0", "minipass@^7.1.2":
  "version" "7.1.2"

"mlly@^1.7.4":
  "version" "1.7.4"
  dependencies:
    "acorn" "^8.14.0"
    "pathe" "^2.0.1"
    "pkg-types" "^1.3.0"
    "ufo" "^1.5.4"

"ms@^2.1.3":
  "version" "2.1.3"

"mz@^2.7.0":
  "version" "2.7.0"
  dependencies:
    "any-promise" "^1.0.0"
    "object-assign" "^4.0.1"
    "thenify-all" "^1.0.0"

"normalize-package-data@^6.0.0":
  "version" "6.0.2"
  dependencies:
    "hosted-git-info" "^7.0.0"
    "semver" "^7.3.5"
    "validate-npm-package-license" "^3.0.4"

"npm-run-path@^6.0.0":
  "version" "6.0.0"
  dependencies:
    "path-key" "^4.0.0"
    "unicorn-magic" "^0.3.0"

"object-assign@^4.0.1":
  "version" "4.1.1"

"onetime@^7.0.0":
  "version" "7.0.0"
  dependencies:
    "mimic-function" "^5.0.0"

"ora@^8.2.0":
  "version" "8.2.0"
  dependencies:
    "chalk" "^5.3.0"
    "cli-cursor" "^5.0.0"
    "cli-spinners" "^2.9.2"
    "is-interactive" "^2.0.0"
    "is-unicode-supported" "^2.0.0"
    "log-symbols" "^6.0.0"
    "stdin-discarder" "^0.2.2"
    "string-width" "^7.2.0"
    "strip-ansi" "^7.1.0"

"package-json-from-dist@^1.0.0":
  "version" "1.0.1"

"parse-json@^8.0.0":
  "version" "8.3.0"
  dependencies:
    "@babel/code-frame" "^7.26.2"
    "index-to-position" "^1.1.0"
    "type-fest" "^4.39.1"

"parse-ms@^4.0.0":
  "version" "4.0.0"

"path-key@^3.1.0":
  "version" "3.1.1"

"path-key@^4.0.0":
  "version" "4.0.0"

"path-scurry@^1.11.1":
  "version" "1.11.1"
  dependencies:
    "lru-cache" "^10.2.0"
    "minipass" "^5.0.0 || ^6.0.2 || ^7.0.0"

"pathe@^2.0.1":
  "version" "2.0.3"

"picocolors@^1.1.1":
  "version" "1.1.1"

"picomatch@^3 || ^4", "picomatch@^4.0.2":
  "version" "4.0.2"

"pirates@^4.0.1":
  "version" "4.0.7"

"pkg-types@^1.3.0":
  "version" "1.3.1"
  dependencies:
    "confbox" "^0.1.8"
    "mlly" "^1.7.4"
    "pathe" "^2.0.1"

"polkadot-api@^1.14.0", "polkadot-api@>=1.11.2":
  "version" "1.14.0"
  dependencies:
    "@polkadot-api/cli" "0.14.0"
    "@polkadot-api/ink-contracts" "0.3.4"
    "@polkadot-api/json-rpc-provider" "0.0.4"
    "@polkadot-api/known-chains" "0.9.0"
    "@polkadot-api/logs-provider" "0.0.6"
    "@polkadot-api/metadata-builders" "0.12.2"
    "@polkadot-api/metadata-compatibility" "0.3.0"
    "@polkadot-api/observable-client" "0.12.0"
    "@polkadot-api/pjs-signer" "0.6.9"
    "@polkadot-api/polkadot-sdk-compat" "2.3.2"
    "@polkadot-api/polkadot-signer" "0.1.6"
    "@polkadot-api/signer" "0.2.2"
    "@polkadot-api/sm-provider" "0.1.7"
    "@polkadot-api/smoldot" "0.3.10"
    "@polkadot-api/substrate-bindings" "0.14.0"
    "@polkadot-api/substrate-client" "0.4.1"
    "@polkadot-api/utils" "0.2.0"
    "@polkadot-api/ws-provider" "0.4.0"
    "@rx-state/core" "^0.1.4"

"postcss-load-config@^6.0.1":
  "version" "6.0.1"
  dependencies:
    "lilconfig" "^3.1.1"

"pretty-ms@^9.2.0":
  "version" "9.2.0"
  dependencies:
    "parse-ms" "^4.0.0"

"punycode@^2.1.0":
  "version" "2.3.1"

"read-pkg@^9.0.1":
  "version" "9.0.1"
  dependencies:
    "@types/normalize-package-data" "^2.4.3"
    "normalize-package-data" "^6.0.0"
    "parse-json" "^8.0.0"
    "type-fest" "^4.6.0"
    "unicorn-magic" "^0.1.0"

"readdirp@^4.0.1":
  "version" "4.1.2"

"resolve-from@^5.0.0":
  "version" "5.0.0"

"restore-cursor@^5.0.0":
  "version" "5.1.0"
  dependencies:
    "onetime" "^7.0.0"
    "signal-exit" "^4.1.0"

"rollup@^4.34.8":
  "version" "4.43.0"
  dependencies:
    "@types/estree" "1.0.7"
  optionalDependencies:
    "@rollup/rollup-android-arm-eabi" "4.43.0"
    "@rollup/rollup-android-arm64" "4.43.0"
    "@rollup/rollup-darwin-arm64" "4.43.0"
    "@rollup/rollup-darwin-x64" "4.43.0"
    "@rollup/rollup-freebsd-arm64" "4.43.0"
    "@rollup/rollup-freebsd-x64" "4.43.0"
    "@rollup/rollup-linux-arm-gnueabihf" "4.43.0"
    "@rollup/rollup-linux-arm-musleabihf" "4.43.0"
    "@rollup/rollup-linux-arm64-gnu" "4.43.0"
    "@rollup/rollup-linux-arm64-musl" "4.43.0"
    "@rollup/rollup-linux-loongarch64-gnu" "4.43.0"
    "@rollup/rollup-linux-powerpc64le-gnu" "4.43.0"
    "@rollup/rollup-linux-riscv64-gnu" "4.43.0"
    "@rollup/rollup-linux-riscv64-musl" "4.43.0"
    "@rollup/rollup-linux-s390x-gnu" "4.43.0"
    "@rollup/rollup-linux-x64-gnu" "4.43.0"
    "@rollup/rollup-linux-x64-musl" "4.43.0"
    "@rollup/rollup-win32-arm64-msvc" "4.43.0"
    "@rollup/rollup-win32-ia32-msvc" "4.43.0"
    "@rollup/rollup-win32-x64-msvc" "4.43.0"
    "fsevents" "~2.3.2"

"rxjs@^7.8.2", "rxjs@>=7", "rxjs@>=7.8.0":
  "version" "7.8.2"
  dependencies:
    "tslib" "^2.1.0"

"scale-ts@^1.6.1":
  "integrity" "sha512-PBMc2AWc6wSEqJYBDPcyCLUj9/tMKnLX70jLOSndMtcUoLQucP/DM0vnQo1wJAYjTrQiq8iG9rD0q6wFzgjH7g=="
  "resolved" "https://registry.npmjs.org/scale-ts/-/scale-ts-1.6.1.tgz"
  "version" "1.6.1"

"semver@^7.3.5":
  "version" "7.7.2"

"shebang-command@^2.0.0":
  "version" "2.0.0"
  dependencies:
    "shebang-regex" "^3.0.0"

"shebang-regex@^3.0.0":
  "version" "3.0.0"

"signal-exit@^4.0.1", "signal-exit@^4.1.0":
  "version" "4.1.0"

"smoldot@2.0.36":
  "version" "2.0.36"
  dependencies:
    "ws" "^8.8.1"

"sort-keys@^5.0.0":
  "version" "5.1.0"
  dependencies:
    "is-plain-obj" "^4.0.0"

"source-map@0.8.0-beta.0":
  "version" "0.8.0-beta.0"
  dependencies:
    "whatwg-url" "^7.0.0"

"spdx-correct@^3.0.0":
  "version" "3.2.0"
  dependencies:
    "spdx-expression-parse" "^3.0.0"
    "spdx-license-ids" "^3.0.0"

"spdx-exceptions@^2.1.0":
  "version" "2.5.0"

"spdx-expression-parse@^3.0.0":
  "version" "3.0.1"
  dependencies:
    "spdx-exceptions" "^2.1.0"
    "spdx-license-ids" "^3.0.0"

"spdx-license-ids@^3.0.0":
  "version" "3.0.21"

"stdin-discarder@^0.2.2":
  "version" "0.2.2"

"string-width-cjs@npm:string-width@^4.2.0":
  "version" "4.2.3"
  dependencies:
    "emoji-regex" "^8.0.0"
    "is-fullwidth-code-point" "^3.0.0"
    "strip-ansi" "^6.0.1"

"string-width@^4.1.0":
  "version" "4.2.3"
  dependencies:
    "emoji-regex" "^8.0.0"
    "is-fullwidth-code-point" "^3.0.0"
    "strip-ansi" "^6.0.1"

"string-width@^5.0.1":
  "version" "5.1.2"
  dependencies:
    "eastasianwidth" "^0.2.0"
    "emoji-regex" "^9.2.2"
    "strip-ansi" "^7.0.1"

"string-width@^5.1.2":
  "version" "5.1.2"
  dependencies:
    "eastasianwidth" "^0.2.0"
    "emoji-regex" "^9.2.2"
    "strip-ansi" "^7.0.1"

"string-width@^7.0.0", "string-width@^7.2.0":
  "version" "7.2.0"
  dependencies:
    "emoji-regex" "^10.3.0"
    "get-east-asian-width" "^1.0.0"
    "strip-ansi" "^7.1.0"

"strip-ansi-cjs@npm:strip-ansi@^6.0.1":
  "version" "6.0.1"
  dependencies:
    "ansi-regex" "^5.0.1"

"strip-ansi@^6.0.0", "strip-ansi@^6.0.1":
  "version" "6.0.1"
  dependencies:
    "ansi-regex" "^5.0.1"

"strip-ansi@^7.0.1", "strip-ansi@^7.1.0":
  "version" "7.1.0"
  dependencies:
    "ansi-regex" "^6.0.1"

"strip-final-newline@^4.0.0":
  "version" "4.0.0"

"sucrase@^3.35.0":
  "version" "3.35.0"
  dependencies:
    "@jridgewell/gen-mapping" "^0.3.2"
    "commander" "^4.0.0"
    "glob" "^10.3.10"
    "lines-and-columns" "^1.1.6"
    "mz" "^2.7.0"
    "pirates" "^4.0.1"
    "ts-interface-checker" "^0.1.9"

"thenify-all@^1.0.0":
  "version" "1.6.0"
  dependencies:
    "thenify" ">= 3.1.0 < 4"

"thenify@>= 3.1.0 < 4":
  "version" "3.3.1"
  dependencies:
    "any-promise" "^1.0.0"

"tinyexec@^0.3.2":
  "version" "0.3.2"

"tinyglobby@^0.2.11":
  "version" "0.2.14"
  dependencies:
    "fdir" "^6.4.4"
    "picomatch" "^4.0.2"

"tr46@^1.0.1":
  "version" "1.0.1"
  dependencies:
    "punycode" "^2.1.0"

"tree-kill@^1.2.2":
  "version" "1.2.2"

"ts-interface-checker@^0.1.9":
  "version" "0.1.13"

"tsc-prog@^2.3.0":
  "version" "2.3.0"

"tslib@^2.1.0":
  "version" "2.8.1"

"tsup@^8.5.0":
  "version" "8.5.0"
  dependencies:
    "bundle-require" "^5.1.0"
    "cac" "^6.7.14"
    "chokidar" "^4.0.3"
    "consola" "^3.4.0"
    "debug" "^4.4.0"
    "esbuild" "^0.25.0"
    "fix-dts-default-cjs-exports" "^1.0.0"
    "joycon" "^3.1.1"
    "picocolors" "^1.1.1"
    "postcss-load-config" "^6.0.1"
    "resolve-from" "^5.0.0"
    "rollup" "^4.34.8"
    "source-map" "0.8.0-beta.0"
    "sucrase" "^3.35.0"
    "tinyexec" "^0.3.2"
    "tinyglobby" "^0.2.11"
    "tree-kill" "^1.2.2"

"type-fest@^4.23.0", "type-fest@^4.39.1", "type-fest@^4.6.0":
  "version" "4.41.0"

"typescript@^5", "typescript@^5.8.3", "typescript@>=4", "typescript@>=4.5.0":
  "version" "5.8.3"

"ufo@^1.5.4":
  "version" "1.6.1"

"undici-types@~6.21.0":
  "version" "6.21.0"

"undici-types@~7.12.0":
  "integrity" "sha512-goOacqME2GYyOZZfb5Lgtu+1IDmAlAEu5xnD3+xTzS10hT0vzpf0SPjkXwAw9Jm+4n/mQGDP3LO8CPbYROeBfQ=="
  "resolved" "https://registry.npmjs.org/undici-types/-/undici-types-7.12.0.tgz"
  "version" "7.12.0"

"unicorn-magic@^0.1.0":
  "version" "0.1.0"

"unicorn-magic@^0.3.0":
  "version" "0.3.0"

"validate-npm-package-license@^3.0.4":
  "version" "3.0.4"
  dependencies:
    "spdx-correct" "^3.0.0"
    "spdx-expression-parse" "^3.0.0"

"webidl-conversions@^4.0.2":
  "version" "4.0.2"

"whatwg-url@^7.0.0":
  "version" "7.1.0"
  dependencies:
    "lodash.sortby" "^4.7.0"
    "tr46" "^1.0.1"
    "webidl-conversions" "^4.0.2"

"which@^2.0.1":
  "version" "2.0.2"
  dependencies:
    "isexe" "^2.0.0"

"wrap-ansi-cjs@npm:wrap-ansi@^7.0.0":
  "version" "7.0.0"
  dependencies:
    "ansi-styles" "^4.0.0"
    "string-width" "^4.1.0"
    "strip-ansi" "^6.0.0"

"wrap-ansi@^8.1.0":
  "version" "8.1.0"
  dependencies:
    "ansi-styles" "^6.1.0"
    "string-width" "^5.0.1"
    "strip-ansi" "^7.0.1"

"wrap-ansi@^9.0.0":
  "integrity" "sha512-42AtmgqjV+X1VpdOfyTGOYRi0/zsoLqtXQckTmqTeybT+BDIbM/Guxo7x3pE2vtpr1ok6xRqM9OpBe+Jyoqyww=="
  "resolved" "https://registry.npmjs.org/wrap-ansi/-/wrap-ansi-9.0.2.tgz"
  "version" "9.0.2"
  dependencies:
    "ansi-styles" "^6.2.1"
    "string-width" "^7.0.0"
    "strip-ansi" "^7.1.0"

"write-file-atomic@^5.0.1":
  "version" "5.0.1"
  dependencies:
    "imurmurhash" "^0.1.4"
    "signal-exit" "^4.0.1"

"write-json-file@^6.0.0":
  "version" "6.0.0"
  dependencies:
    "detect-indent" "^7.0.1"
    "is-plain-obj" "^4.1.0"
    "sort-keys" "^5.0.0"
    "write-file-atomic" "^5.0.1"

"write-package@^7.1.0":
  "version" "7.1.0"
  dependencies:
    "deepmerge-ts" "^7.1.0"
    "read-pkg" "^9.0.1"
    "sort-keys" "^5.0.0"
    "type-fest" "^4.23.0"
    "write-json-file" "^6.0.0"

"ws@^8.18.1", "ws@^8.8.1":
  "version" "8.18.2"

"y18n@^5.0.5":
  "integrity" "sha512-0pfFzegeDWJHJIAmTLRP2DwHjdF5s7jo9tuztdQxAhINCdvS+3nGINqPd00AphqJR/0LhANUS6/+7SCb98YOfA=="
  "resolved" "https://registry.npmjs.org/y18n/-/y18n-5.0.8.tgz"
  "version" "5.0.8"

"yargs-parser@^22.0.0":
  "integrity" "sha512-rwu/ClNdSMpkSrUb+d6BRsSkLUq1fmfsY6TOpYzTwvwkg1/NRG85KBy3kq++A8LKQwX6lsu+aWad+2khvuXrqw=="
  "resolved" "https://registry.npmjs.org/yargs-parser/-/yargs-parser-22.0.0.tgz"
  "version" "22.0.0"

"yargs@^18.0.0":
  "integrity" "sha512-4UEqdc2RYGHZc7Doyqkrqiln3p9X2DZVxaGbwhn2pi7MrRagKaOcIKe8L3OxYcbhXLgLFUS3zAYuQjKBQgmuNg=="
  "resolved" "https://registry.npmjs.org/yargs/-/yargs-18.0.0.tgz"
  "version" "18.0.0"
  dependencies:
    "cliui" "^9.0.1"
    "escalade" "^3.1.1"
    "get-caller-file" "^2.0.5"
    "string-width" "^7.2.0"
    "y18n" "^5.0.5"
    "yargs-parser" "^22.0.0"

"yoctocolors@^2.1.1":
  "version" "2.1.1"
