# THIS IS AN AUTOGENERATED FILE. DO NOT EDIT THIS FILE DIRECTLY.
# yarn lockfile v1


"@polkadot-api/descriptors@file:.papi/descriptors":
  version "0.1.0-autogenerated.2349538711292337160"

"@types/bun@latest":
  version "1.2.16"
  resolved "https://registry.yarnpkg.com/@types/bun/-/bun-1.2.16.tgz#958fd9269a289716c03fcd23f05d2bda95beca90"
  integrity sha512-1aCZJ/6nSiViw339RsaNhkNoEloLaPzZhxMOYEa7OzRzO41IGg5n/7I43/ZIAW/c+Q6cT12Vf7fOZOoVIzb5BQ==
  dependencies:
    bun-types "1.2.16"

"@types/node@*":
  version "24.0.3"
  resolved "https://registry.yarnpkg.com/@types/node/-/node-24.0.3.tgz#f935910f3eece3a3a2f8be86b96ba833dc286cab"
  integrity sha512-R4I/kzCYAdRLzfiCabn9hxWfbuHS573x+r0dJMkkzThEa7pbrcDWK+9zu3e7aBOouf+rQAciqPFMnxwr0aWgKg==
  dependencies:
    undici-types "~7.8.0"

bun-types@1.2.16:
  version "1.2.16"
  resolved "https://registry.yarnpkg.com/bun-types/-/bun-types-1.2.16.tgz#2b03818f0720258fd41e1ea77f00588a9beb5fda"
  integrity sha512-ciXLrHV4PXax9vHvUrkvun9VPVGOVwbbbBF/Ev1cXz12lyEZMoJpIJABOfPcN9gDJRaiKF9MVbSygLg4NXu3/A==
  dependencies:
    "@types/node" "*"

undici-types@~7.8.0:
  version "7.8.0"
  resolved "https://registry.yarnpkg.com/undici-types/-/undici-types-7.8.0.tgz#de00b85b710c54122e44fbfd911f8d70174cd294"
  integrity sha512-9UJ2xGDvQ43tYyVMpuHlsgApydB8ZKfVYTsLDhXkFL/6gfkp+U8xTGdh8pMJv1SpZna0zxG1DwsKZsreLbXBxw==
