# THIS IS AN AUTOGENERATED FILE. DO NOT EDIT THIS FILE DIRECTLY.
# yarn lockfile v1


"@noble/curves@^1.9.2":
  version "1.9.2"
  resolved "https://registry.yarnpkg.com/@noble/curves/-/curves-1.9.2.tgz#73388356ce733922396214a933ff7c95afcef911"
  integrity sha512-HxngEd2XUcg9xi20JkwlLCtYwfoFw4JGkuZpT+WlsPD4gB/cxkvTD8fSsoAnphGZhFdZYKeQIPCuFlWPm1uE0g==
  dependencies:
    "@noble/hashes" "1.8.0"

"@noble/curves@~1.8.0":
  version "1.8.2"
  resolved "https://registry.yarnpkg.com/@noble/curves/-/curves-1.8.2.tgz#8f24c037795e22b90ae29e222a856294c1d9ffc7"
  integrity sha512-vnI7V6lFNe0tLAuJMu+2sX+FcL14TaCWy1qiczg1VwRmPrpQCdq5ESXQMqUc2tluRNf6irBXrWbl1mGN8uaU/g==
  dependencies:
    "@noble/hashes" "1.7.2"

"@noble/hashes@1.7.2", "@noble/hashes@~1.7.1":
  version "1.7.2"
  resolved "https://registry.yarnpkg.com/@noble/hashes/-/hashes-1.7.2.tgz#d53c65a21658fb02f3303e7ee3ba89d6754c64b4"
  integrity sha512-biZ0NUSxyjLLqo6KxEJ1b+C2NAx0wtDoFvCaXHGgUkeHzf3Xc1xKumFKREuT7f7DARNZ/slvYUwFG6B0f2b6hQ==

"@noble/hashes@1.8.0", "@noble/hashes@^1.8.0":
  version "1.8.0"
  resolved "https://registry.yarnpkg.com/@noble/hashes/-/hashes-1.8.0.tgz#cee43d801fcef9644b11b8194857695acd5f815a"
  integrity sha512-jCs9ldd7NwzpgXDIf6P3+NrHh9/sD6CQdxHyjQI+h/6rDNo88ypBxxz45UDuZHz9r3tNz7N/VInSVoVdtXEI4A==

"@polkadot-api/descriptors@file:.papi/descriptors":
  version "0.1.0-autogenerated.9125090325047256757"

"@polkadot-labs/hdkd-helpers@0.0.17", "@polkadot-labs/hdkd-helpers@^0.0.17":
  version "0.0.17"
  resolved "https://registry.yarnpkg.com/@polkadot-labs/hdkd-helpers/-/hdkd-helpers-0.0.17.tgz#dc90abad821554e316318d8c5a0af7d09b78f4a6"
  integrity sha512-8SsyVzJV4uCioRy3qScnfpPd/8JgLdAVq0WKF69SnEw8sUFzetAmVJvBeYOet+l8cn3P+LaK4ZuMaOWe5Ryd7w==
  dependencies:
    "@noble/curves" "^1.9.2"
    "@noble/hashes" "^1.8.0"
    "@scure/base" "^1.2.6"
    micro-sr25519 "^0.1.3"
    scale-ts "^1.6.1"

"@polkadot-labs/hdkd@^0.0.17":
  version "0.0.17"
  resolved "https://registry.yarnpkg.com/@polkadot-labs/hdkd/-/hdkd-0.0.17.tgz#ca0a62438beb405d9fb4fd7cf8c5a6fd724f2e20"
  integrity sha512-KJaTkPpZhEBNnEmRmruXTTRLHnojX5tght8bUgtVeq4cCO9vE432GMppAM94ksRPMKvA5zJHl8zDxNLF+GRNdA==
  dependencies:
    "@polkadot-labs/hdkd-helpers" "0.0.17"

"@scure/base@^1.2.6":
  version "1.2.6"
  resolved "https://registry.yarnpkg.com/@scure/base/-/base-1.2.6.tgz#ca917184b8231394dd8847509c67a0be522e59f6"
  integrity sha512-g/nm5FgUa//MCj1gV09zTJTaM6KBAHqLN907YVQqf7zC49+DcO4B1so4ZX07Ef10Twr6nuqYEH9GEggFXA4Fmg==

"@types/bun@latest":
  version "1.2.16"
  resolved "https://registry.yarnpkg.com/@types/bun/-/bun-1.2.16.tgz#958fd9269a289716c03fcd23f05d2bda95beca90"
  integrity sha512-1aCZJ/6nSiViw339RsaNhkNoEloLaPzZhxMOYEa7OzRzO41IGg5n/7I43/ZIAW/c+Q6cT12Vf7fOZOoVIzb5BQ==
  dependencies:
    bun-types "1.2.16"

"@types/node@*":
  version "24.0.3"
  resolved "https://registry.yarnpkg.com/@types/node/-/node-24.0.3.tgz#f935910f3eece3a3a2f8be86b96ba833dc286cab"
  integrity sha512-R4I/kzCYAdRLzfiCabn9hxWfbuHS573x+r0dJMkkzThEa7pbrcDWK+9zu3e7aBOouf+rQAciqPFMnxwr0aWgKg==
  dependencies:
    undici-types "~7.8.0"

bun-types@1.2.16:
  version "1.2.16"
  resolved "https://registry.yarnpkg.com/bun-types/-/bun-types-1.2.16.tgz#2b03818f0720258fd41e1ea77f00588a9beb5fda"
  integrity sha512-ciXLrHV4PXax9vHvUrkvun9VPVGOVwbbbBF/Ev1cXz12lyEZMoJpIJABOfPcN9gDJRaiKF9MVbSygLg4NXu3/A==
  dependencies:
    "@types/node" "*"

micro-sr25519@^0.1.3:
  version "0.1.3"
  resolved "https://registry.yarnpkg.com/micro-sr25519/-/micro-sr25519-0.1.3.tgz#b9d9510d000f5468ad571735ebba1b29836f8d8c"
  integrity sha512-Tw1I3Yjq9XySsU3hsgPVkQTG3NIje070VUWtT4tb9d1tVwQqpCIBH4SM5h4Mxp2Ua4PUyPsot2F40eyJ0QnzTg==
  dependencies:
    "@noble/curves" "~1.8.0"
    "@noble/hashes" "~1.7.1"

scale-ts@^1.6.1:
  version "1.6.1"
  resolved "https://registry.yarnpkg.com/scale-ts/-/scale-ts-1.6.1.tgz#45151e156d6c04792223c39d8e7484ce926445f2"
  integrity sha512-PBMc2AWc6wSEqJYBDPcyCLUj9/tMKnLX70jLOSndMtcUoLQucP/DM0vnQo1wJAYjTrQiq8iG9rD0q6wFzgjH7g==

undici-types@~7.8.0:
  version "7.8.0"
  resolved "https://registry.yarnpkg.com/undici-types/-/undici-types-7.8.0.tgz#de00b85b710c54122e44fbfd911f8d70174cd294"
  integrity sha512-9UJ2xGDvQ43tYyVMpuHlsgApydB8ZKfVYTsLDhXkFL/6gfkp+U8xTGdh8pMJv1SpZna0zxG1DwsKZsreLbXBxw==
